{
  "name": "cyber-chef-tauri-app-build",
  "version": "10.5.2",
  "lockfileVersion": 2,
  "requires": true,
  "packages": {
    "": {
      "name": "cyber-chef-tauri-app-build",
      "version": "10.5.2",
      "devDependencies": {
        "commander": "^10.0.0",
        "prettier": "^2.8.7"
      },
      "engines": {
        "node": ">=18"
      }
    },
    "node_modules/commander": {
      "version": "10.0.0",
      "resolved": "https://registry.npmjs.org/commander/-/commander-10.0.0.tgz",
      "integrity": "sha512-zS5PnTI22FIRM6ylNW8G4Ap0IEOyk62fhLSD0+uHRT9McRCLGpkVNvao4bjimpK/GShynyQkFFxHhwMcETmduA==",
      "dev": true,
      "engines": {
        "node": ">=14"
      }
    },
    "node_modules/prettier": {
      "version": "2.8.7",
      "resolved": "https://registry.npmjs.org/prettier/-/prettier-2.8.7.tgz",
      "integrity": "sha512-yPngTo3aXUUmyuTjeTUT75txrf+aMh9FiD7q9ZE/i6r0bPb22g4FsE6Y338PQX1bmfy08i9QQCB7/rcUAVntfw==",
      "dev": true,
      "bin": {
        "prettier": "bin-prettier.js"
      },
      "engines": {
        "node": ">=10.13.0"
      },
      "funding": {
        "url": "https://github.com/prettier/prettier?sponsor=1"
      }
    }
  },
  "dependencies": {
    "commander": {
      "version": "10.0.0",
      "resolved": "https://registry.npmjs.org/commander/-/commander-10.0.0.tgz",
      "integrity": "sha512-zS5PnTI22FIRM6ylNW8G4Ap0IEOyk62fhLSD0+uHRT9McRCLGpkVNvao4bjimpK/GShynyQkFFxHhwMcETmduA==",
      "dev": true
    },
    "prettier": {
      "version": "2.8.7",
      "resolved": "https://registry.npmjs.org/prettier/-/prettier-2.8.7.tgz",
      "integrity": "sha512-yPngTo3aXUUmyuTjeTUT75txrf+aMh9FiD7q9ZE/i6r0bPb22g4FsE6Y338PQX1bmfy08i9QQCB7/rcUAVntfw==",
      "dev": true
    }
  }
}
